{
  "version": 4,
  "terraform_version": "0.12.24",
  "serial": 6,
  "lineage": "d44025ba-a181-20be-398d-036c0f4c383c",
  "outputs": {},
  "resources": [
    {
      "mode": "managed",
      "type": "google_compute_firewall",
      "name": "raddit",
      "provider": "provider.google",
      "instances": [
        {
          "schema_version": 1,
          "attributes": {
            "allow": [
              {
                "ports": [
                  "9292"
                ],
                "protocol": "tcp"
              }
            ],
            "creation_timestamp": "2020-05-08T15:36:25.349-07:00",
            "deny": [],
            "description": "",
            "destination_ranges": [],
            "direction": "INGRESS",
            "disabled": false,
            "id": "allow-raddit-tcp-9292",
            "name": "allow-raddit-tcp-9292",
            "network": "https://www.googleapis.com/compute/v1/projects/wide-dryad-276620/global/networks/default",
            "priority": 1000,
            "project": "wide-dryad-276620",
            "self_link": "https://www.googleapis.com/compute/v1/projects/wide-dryad-276620/global/firewalls/allow-raddit-tcp-9292",
            "source_ranges": [
              "0.0.0.0/0"
            ],
            "source_service_accounts": null,
            "source_tags": null,
            "target_service_accounts": null,
            "target_tags": null,
            "timeouts": null
          },
          "private": "eyJlMmJmYjczMC1lY2FhLTExZTYtOGY4OC0zNDM2M2JjN2M0YzAiOnsiY3JlYXRlIjoyNDAwMDAwMDAwMDAsImRlbGV0ZSI6MjQwMDAwMDAwMDAwLCJ1cGRhdGUiOjI0MDAwMDAwMDAwMH0sInNjaGVtYV92ZXJzaW9uIjoiMSJ9"
        }
      ]
    },
    {
      "mode": "managed",
      "type": "google_compute_instance",
      "name": "raddit",
      "provider": "provider.google",
      "instances": [
        {
          "schema_version": 6,
          "attributes": {
            "allow_stopping_for_update": null,
            "attached_disk": [],
            "boot_disk": [
              {
                "auto_delete": true,
                "device_name": "persistent-disk-0",
                "disk_encryption_key_raw": "",
                "disk_encryption_key_sha256": "",
                "initialize_params": [
                  {
                    "image": "https://www.googleapis.com/compute/v1/projects/wide-dryad-276620/global/images/raddit-base-20200508-214916",
                    "size": 10,
                    "type": "pd-standard"
                  }
                ],
                "source": "https://www.googleapis.com/compute/v1/projects/wide-dryad-276620/zones/us-central1-c/disks/raddit-instance"
              }
            ],
            "can_ip_forward": false,
            "cpu_platform": "Intel Haswell",
            "deletion_protection": false,
            "description": null,
            "disk": [],
            "guest_accelerator": [],
            "hostname": "",
            "id": "raddit-instance",
            "instance_id": "4948620935022797732",
            "label_fingerprint": "42WmSpB8rSM=",
            "labels": null,
            "machine_type": "n1-standard-1",
            "metadata": null,
            "metadata_fingerprint": "8OpeWChEp3M=",
            "metadata_startup_script": "",
            "min_cpu_platform": "",
            "name": "raddit-instance",
            "network_interface": [
              {
                "access_config": [
                  {
                    "assigned_nat_ip": "",
                    "nat_ip": "146.148.33.4",
                    "network_tier": "PREMIUM",
                    "public_ptr_domain_name": ""
                  }
                ],
                "address": "",
                "alias_ip_range": [],
                "name": "nic0",
                "network": "https://www.googleapis.com/compute/v1/projects/wide-dryad-276620/global/networks/default",
                "network_ip": "10.128.0.8",
                "subnetwork": "https://www.googleapis.com/compute/v1/projects/wide-dryad-276620/regions/us-central1/subnetworks/default",
                "subnetwork_project": "wide-dryad-276620"
              }
            ],
            "project": "wide-dryad-276620",
            "scheduling": [
              {
                "automatic_restart": true,
                "on_host_maintenance": "MIGRATE",
                "preemptible": false
              }
            ],
            "scratch_disk": [],
            "self_link": "https://www.googleapis.com/compute/v1/projects/wide-dryad-276620/zones/us-central1-c/instances/raddit-instance",
            "service_account": [],
            "tags": null,
            "tags_fingerprint": "42WmSpB8rSM=",
            "timeouts": null,
            "zone": "us-central1-c"
          }
        }
      ]
    },
    {
      "mode": "managed",
      "type": "google_compute_project_metadata",
      "name": "raddit",
      "provider": "provider.google",
      "instances": [
        {
          "schema_version": 0,
          "attributes": {
            "id": "wide-dryad-276620",
            "metadata": {
              "ssh-keys": "raddit-user:ssh-rsa AAAAB3NzaC1yc2EAAAADAQABAAABAQDAjpzYjKiqxa4WJ5iZPZSoq8Ldta3IJ3+mEfOHdY8poraeb5hyPokuUc79mvkyH8TOmW+4X0zyC9yYD5KmbUJngVZzoWYhUQoacf8f0fcDBpeArPkoNG4rAKbovEbB7ymNKAtarlfFFCmrLz50PZfeSFBEGMy2N6bAkTp2bpG7W7590gLTysAHQd39HGVKPzmVCj1EWNBBf/EsEoiFF2toHvP+CIzFeMUJuZUdkCLeAG0io8EYBzpFrCK67LsrAzWSNArHybOWHh1HxSiwc2VcR+YLtmlBzXxerVQVKUp9AXGpYQBMvUE28IwUaANDeNiYVt94OohS56vIAaHQ/kop raddit-user\n"
            },
            "project": "wide-dryad-276620"
          },
          "private": "bnVsbA=="
        }
      ]
    }
  ]
}
